
Microsoft Visual Studio Solution File, Format Version 12.00
# Visual Studio 15
VisualStudioVersion = 15.0.27428.2027
MinimumVisualStudioVersion = 10.0.40219.1
Project("{FAE04EC0-301F-11D3-BF4B-00C04F79EFBC}") = "IQVIA_API", "IQVIA_API\IQVIA_API.csproj", "{7F352125-BA0E-4500-8B02-C00A4CD4DA33}"
EndProject
Global
	GlobalSection(SolutionConfigurationPlatforms) = preSolution
		Debug|Any CPU = Debug|Any CPU
		Release|Any CPU = Release|Any CPU
	EndGlobalSection
	GlobalSection(ProjectConfigurationPlatforms) = postSolution
		{7F352125-BA0E-4500-8B02-C00A4CD4DA33}.Debug|Any CPU.ActiveCfg = Debug|Any CPU
		{7F352125-BA0E-4500-8B02-C00A4CD4DA33}.Debug|Any CPU.Build.0 = Debug|Any CPU
		{7F352125-BA0E-4500-8B02-C00A4CD4DA33}.Release|Any CPU.ActiveCfg = Release|Any CPU
		{7F352125-BA0E-4500-8B02-C00A4CD4DA33}.Release|Any CPU.Build.0 = Release|Any CPU
	EndGlobalSection
	GlobalSection(SolutionProperties) = preSolution
		HideSolutionNode = FALSE
	EndGlobalSection
	GlobalSection(ExtensibilityGlobals) = postSolution
		SolutionGuid = {AC9763C9-69E6-4BC6-B220-48701185DC1C}
	EndGlobalSection
EndGlobal
